
Microsoft Visual Studio Solution File, Format Version 12.00
# Visual Studio 15
VisualStudioVersion = 15.0.27130.2020
MinimumVisualStudioVersion = 10.0.40219.1
Project("{FAE04EC0-301F-11D3-BF4B-00C04F79EFBC}") = "Gui", "Gui\Gui.csproj", "{FA73DE09-A698-418A-B19E-FE53C8E47F4B}"
EndProject
Project("{FAE04EC0-301F-11D3-BF4B-00C04F79EFBC}") = "Bizz", "Bizz\Bizz.csproj", "{D3E14FDE-82A1-41C5-A627-2C7D1F37A39F}"
EndProject
Project("{FAE04EC0-301F-11D3-BF4B-00C04F79EFBC}") = "IO", "IO\IO.csproj", "{561F79F6-A382-4997-9AC5-48686AAA94C7}"
EndProject
Project("{FAE04EC0-301F-11D3-BF4B-00C04F79EFBC}") = "Entities", "Entities\Entities.csproj", "{DC29A611-3D44-4037-B6E6-F29327998A82}"
EndProject
Global
	GlobalSection(SolutionConfigurationPlatforms) = preSolution
		Debug|Any CPU = Debug|Any CPU
		Release|Any CPU = Release|Any CPU
	EndGlobalSection
	GlobalSection(ProjectConfigurationPlatforms) = postSolution
		{FA73DE09-A698-418A-B19E-FE53C8E47F4B}.Debug|Any CPU.ActiveCfg = Debug|Any CPU
		{FA73DE09-A698-418A-B19E-FE53C8E47F4B}.Debug|Any CPU.Build.0 = Debug|Any CPU
		{FA73DE09-A698-418A-B19E-FE53C8E47F4B}.Release|Any CPU.ActiveCfg = Release|Any CPU
		{FA73DE09-A698-418A-B19E-FE53C8E47F4B}.Release|Any CPU.Build.0 = Release|Any CPU
		{D3E14FDE-82A1-41C5-A627-2C7D1F37A39F}.Debug|Any CPU.ActiveCfg = Debug|Any CPU
		{D3E14FDE-82A1-41C5-A627-2C7D1F37A39F}.Debug|Any CPU.Build.0 = Debug|Any CPU
		{D3E14FDE-82A1-41C5-A627-2C7D1F37A39F}.Release|Any CPU.ActiveCfg = Release|Any CPU
		{D3E14FDE-82A1-41C5-A627-2C7D1F37A39F}.Release|Any CPU.Build.0 = Release|Any CPU
		{561F79F6-A382-4997-9AC5-48686AAA94C7}.Debug|Any CPU.ActiveCfg = Debug|Any CPU
		{561F79F6-A382-4997-9AC5-48686AAA94C7}.Debug|Any CPU.Build.0 = Debug|Any CPU
		{561F79F6-A382-4997-9AC5-48686AAA94C7}.Release|Any CPU.ActiveCfg = Release|Any CPU
		{561F79F6-A382-4997-9AC5-48686AAA94C7}.Release|Any CPU.Build.0 = Release|Any CPU
		{DC29A611-3D44-4037-B6E6-F29327998A82}.Debug|Any CPU.ActiveCfg = Debug|Any CPU
		{DC29A611-3D44-4037-B6E6-F29327998A82}.Debug|Any CPU.Build.0 = Debug|Any CPU
		{DC29A611-3D44-4037-B6E6-F29327998A82}.Release|Any CPU.ActiveCfg = Release|Any CPU
		{DC29A611-3D44-4037-B6E6-F29327998A82}.Release|Any CPU.Build.0 = Release|Any CPU
	EndGlobalSection
	GlobalSection(SolutionProperties) = preSolution
		HideSolutionNode = FALSE
	EndGlobalSection
	GlobalSection(ExtensibilityGlobals) = postSolution
		SolutionGuid = {E9FB86CD-D848-413E-B80E-6E402AE92D65}
	EndGlobalSection
EndGlobal
